
Microsoft Visual Studio Solution File, Format Version 12.00
# Visual Studio Version 16
VisualStudioVersion = 16.0.30406.217
MinimumVisualStudioVersion = 10.0.40219.1
Project("{9A19103F-16F7-4668-BE54-9A1E7A4F7556}") = "CoreCooking.Models", "CoreCooking.Models\CoreCooking.Models.csproj", "{0CCE4BA1-7143-4749-93BD-5CD0B347C412}"
EndProject
Project("{9A19103F-16F7-4668-BE54-9A1E7A4F7556}") = "CoreCooking.Tests", "CoreCooking.Tests\CoreCooking.Tests.csproj", "{161F4382-E194-483E-B962-0829AAB1A872}"
EndProject
Project("{9A19103F-16F7-4668-BE54-9A1E7A4F7556}") = "CoreCooking.Website", "CoreCooking.Website\CoreCooking.Website.csproj", "{3453A1FA-D215-49E0-880C-2A7F6534F6B3}"
EndProject
Project("{2150E333-8FDC-42A3-9474-1A3956D46DE8}") = "Documents", "Documents", "{AB41030B-4725-4BE2-8D36-04EFD9E1C2B9}"
	ProjectSection(SolutionItems) = preProject
		README.md = README.md
	EndProjectSection
EndProject
Project("{FAE04EC0-301F-11D3-BF4B-00C04F79EFBC}") = "CoreCooking.API", "CoreCooking.API\CoreCooking.API.csproj", "{5903EED0-B9A6-4CC5-960A-8A42964B2C03}"
EndProject
Global
	GlobalSection(SolutionConfigurationPlatforms) = preSolution
		Debug|Any CPU = Debug|Any CPU
		Release|Any CPU = Release|Any CPU
	EndGlobalSection
	GlobalSection(ProjectConfigurationPlatforms) = postSolution
		{0CCE4BA1-7143-4749-93BD-5CD0B347C412}.Debug|Any CPU.ActiveCfg = Debug|Any CPU
		{0CCE4BA1-7143-4749-93BD-5CD0B347C412}.Debug|Any CPU.Build.0 = Debug|Any CPU
		{0CCE4BA1-7143-4749-93BD-5CD0B347C412}.Release|Any CPU.ActiveCfg = Release|Any CPU
		{0CCE4BA1-7143-4749-93BD-5CD0B347C412}.Release|Any CPU.Build.0 = Release|Any CPU
		{161F4382-E194-483E-B962-0829AAB1A872}.Debug|Any CPU.ActiveCfg = Debug|Any CPU
		{161F4382-E194-483E-B962-0829AAB1A872}.Debug|Any CPU.Build.0 = Debug|Any CPU
		{161F4382-E194-483E-B962-0829AAB1A872}.Release|Any CPU.ActiveCfg = Release|Any CPU
		{161F4382-E194-483E-B962-0829AAB1A872}.Release|Any CPU.Build.0 = Release|Any CPU
		{3453A1FA-D215-49E0-880C-2A7F6534F6B3}.Debug|Any CPU.ActiveCfg = Debug|Any CPU
		{3453A1FA-D215-49E0-880C-2A7F6534F6B3}.Debug|Any CPU.Build.0 = Debug|Any CPU
		{3453A1FA-D215-49E0-880C-2A7F6534F6B3}.Release|Any CPU.ActiveCfg = Release|Any CPU
		{3453A1FA-D215-49E0-880C-2A7F6534F6B3}.Release|Any CPU.Build.0 = Release|Any CPU
		{5903EED0-B9A6-4CC5-960A-8A42964B2C03}.Debug|Any CPU.ActiveCfg = Debug|Any CPU
		{5903EED0-B9A6-4CC5-960A-8A42964B2C03}.Debug|Any CPU.Build.0 = Debug|Any CPU
		{5903EED0-B9A6-4CC5-960A-8A42964B2C03}.Release|Any CPU.ActiveCfg = Release|Any CPU
		{5903EED0-B9A6-4CC5-960A-8A42964B2C03}.Release|Any CPU.Build.0 = Release|Any CPU
	EndGlobalSection
	GlobalSection(SolutionProperties) = preSolution
		HideSolutionNode = FALSE
	EndGlobalSection
	GlobalSection(ExtensibilityGlobals) = postSolution
		SolutionGuid = {7BE4636B-8348-4E72-8293-364DB3297CF0}
	EndGlobalSection
EndGlobal
